{
  "name": "webware_final_project",
  "lockfileVersion": 3,
  "requires": true,
  "packages": {
    "": {
      "dependencies": {
        "react-speech-recognition": "^3.10.0",
        "regenerator-runtime": "^0.14.1"
      }
    },
    "node_modules/react": {
      "version": "19.2.4",
      "resolved": "https://registry.npmjs.org/react/-/react-19.2.4.tgz",
      "integrity": "sha512-9nfp2hYpCwOjAN+8TZFGhtWEwgvWHXqESH8qT89AT/lWklpLON22Lc8pEtnpsZz7VmawabSU0gCjnj8aC0euHQ==",
      "license": "MIT",
      "peer": true,
      "engines": {
        "node": ">=0.10.0"
      }
    },
    "node_modules/react-speech-recognition": {
      "version": "3.10.0",
      "resolved": "https://registry.npmjs.org/react-speech-recognition/-/react-speech-recognition-3.10.0.tgz",
      "integrity": "sha512-EVSr4Ik8l9urwdPiK2r0+ADrLyDDrjB0qBRdUWO+w2MfwEBrj6NuRmy1GD3x7BU/V6/hab0pl8Lupen0zwlJyw==",
      "license": "MIT",
      "peerDependencies": {
        "react": ">=16.8.0"
      }
    },
    "node_modules/regenerator-runtime": {
      "version": "0.14.1",
      "resolved": "https://registry.npmjs.org/regenerator-runtime/-/regenerator-runtime-0.14.1.tgz",
      "integrity": "sha512-dYnhHh0nJoMfnkZs6GmmhFknAGRrLznOu5nc9ML+EJxGvrx6H7teuevqVqCuPcPK//3eDrrjQhehXVx9cnkGdw==",
      "license": "MIT"
    }
  }
}
